// !$*UTF8*$!
{
	archiveVersion = 1;
	classes = {
	};
	objectVersion = 56;
	objects = {

/* Begin PBXBuildFile section */
		18D2246A56E65237D13A0584 /* Pods_MyNotes.framework in Frameworks */ = {isa = PBXBuildFile; fileRef = D5E04C393378CB6D39682460 /* Pods_MyNotes.framework */; };
		97D14AE32954770B0068567A /* AppDelegate.swift in Sources */ = {isa = PBXBuildFile; fileRef = 97D14AE22954770B0068567A /* AppDelegate.swift */; };
		97D14AEA2954770B0068567A /* Main.storyboard in Resources */ = {isa = PBXBuildFile; fileRef = 97D14AE82954770B0068567A /* Main.storyboard */; };
		97D14AEC2954770B0068567A /* Assets.xcassets in Resources */ = {isa = PBXBuildFile; fileRef = 97D14AEB2954770B0068567A /* Assets.xcassets */; };
		97D14AF7295486A50068567A /* MainTableViewController.swift in Sources */ = {isa = PBXBuildFile; fileRef = 97D14AF6295486A50068567A /* MainTableViewController.swift */; };
		97D14AF9295495560068567A /* NoteTableViewCell.swift in Sources */ = {isa = PBXBuildFile; fileRef = 97D14AF8295495560068567A /* NoteTableViewCell.swift */; };
		97D14AFB2954991F0068567A /* NoteModel.swift in Sources */ = {isa = PBXBuildFile; fileRef = 97D14AFA2954991F0068567A /* NoteModel.swift */; };
		97D14AFD2954A1450068567A /* NoteViewController.swift in Sources */ = {isa = PBXBuildFile; fileRef = 97D14AFC2954A1450068567A /* NoteViewController.swift */; };
		97D14AFF2955F6350068567A /* StorageManager.swift in Sources */ = {isa = PBXBuildFile; fileRef = 97D14AFE2955F6350068567A /* StorageManager.swift */; };
		97D14B052958E1E40068567A /* SceneDelegate.swift in Sources */ = {isa = PBXBuildFile; fileRef = 97D14B042958E1E40068567A /* SceneDelegate.swift */; };
/* End PBXBuildFile section */

/* Begin PBXFileReference section */
		78110CC6D7FBF3175414192E /* Pods-MyNotes.debug.xcconfig */ = {isa = PBXFileReference; includeInIndex = 1; lastKnownFileType = text.xcconfig; name = "Pods-MyNotes.debug.xcconfig"; path = "Target Support Files/Pods-MyNotes/Pods-MyNotes.debug.xcconfig"; sourceTree = "<group>"; };
		97D14ADF2954770B0068567A /* MyNotes.app */ = {isa = PBXFileReference; explicitFileType = wrapper.application; includeInIndex = 0; path = MyNotes.app; sourceTree = BUILT_PRODUCTS_DIR; };
		97D14AE22954770B0068567A /* AppDelegate.swift */ = {isa = PBXFileReference; lastKnownFileType = sourcecode.swift; path = AppDelegate.swift; sourceTree = "<group>"; };
		97D14AE92954770B0068567A /* Base */ = {isa = PBXFileReference; lastKnownFileType = file.storyboard; name = Base; path = Base.lproj/Main.storyboard; sourceTree = "<group>"; };
		97D14AEB2954770B0068567A /* Assets.xcassets */ = {isa = PBXFileReference; lastKnownFileType = folder.assetcatalog; path = Assets.xcassets; sourceTree = "<group>"; };
		97D14AF02954770B0068567A /* Info.plist */ = {isa = PBXFileReference; lastKnownFileType = text.plist.xml; path = Info.plist; sourceTree = "<group>"; };
		97D14AF6295486A50068567A /* MainTableViewController.swift */ = {isa = PBXFileReference; lastKnownFileType = sourcecode.swift; path = MainTableViewController.swift; sourceTree = "<group>"; };
		97D14AF8295495560068567A /* NoteTableViewCell.swift */ = {isa = PBXFileReference; lastKnownFileType = sourcecode.swift; path = NoteTableViewCell.swift; sourceTree = "<group>"; };
		97D14AFA2954991F0068567A /* NoteModel.swift */ = {isa = PBXFileReference; lastKnownFileType = sourcecode.swift; path = NoteModel.swift; sourceTree = "<group>"; };
		97D14AFC2954A1450068567A /* NoteViewController.swift */ = {isa = PBXFileReference; lastKnownFileType = sourcecode.swift; path = NoteViewController.swift; sourceTree = "<group>"; };
		97D14AFE2955F6350068567A /* StorageManager.swift */ = {isa = PBXFileReference; lastKnownFileType = sourcecode.swift; path = StorageManager.swift; sourceTree = "<group>"; };
		97D14B042958E1E40068567A /* SceneDelegate.swift */ = {isa = PBXFileReference; fileEncoding = 4; lastKnownFileType = sourcecode.swift; name = SceneDelegate.swift; path = MyNotes/SupportFiles/SceneDelegate.swift; sourceTree = SOURCE_ROOT; };
		A577421BEB923A597C3B0382 /* Pods-MyNotes.release.xcconfig */ = {isa = PBXFileReference; includeInIndex = 1; lastKnownFileType = text.xcconfig; name = "Pods-MyNotes.release.xcconfig"; path = "Target Support Files/Pods-MyNotes/Pods-MyNotes.release.xcconfig"; sourceTree = "<group>"; };
		D5E04C393378CB6D39682460 /* Pods_MyNotes.framework */ = {isa = PBXFileReference; explicitFileType = wrapper.framework; includeInIndex = 0; path = Pods_MyNotes.framework; sourceTree = BUILT_PRODUCTS_DIR; };
/* End PBXFileReference section */

/* Begin PBXFrameworksBuildPhase section */
		97D14ADC2954770B0068567A /* Frameworks */ = {
			isa = PBXFrameworksBuildPhase;
			buildActionMask = 2147483647;
			files = (
				18D2246A56E65237D13A0584 /* Pods_MyNotes.framework in Frameworks */,
			);
			runOnlyForDeploymentPostprocessing = 0;
		};
/* End PBXFrameworksBuildPhase section */

/* Begin PBXGroup section */
		341BFDC21494F319545B6F78 /* Pods */ = {
			isa = PBXGroup;
			children = (
				78110CC6D7FBF3175414192E /* Pods-MyNotes.debug.xcconfig */,
				A577421BEB923A597C3B0382 /* Pods-MyNotes.release.xcconfig */,
			);
			path = Pods;
			sourceTree = "<group>";
		};
		97D14AD62954770B0068567A = {
			isa = PBXGroup;
			children = (
				97D14AE12954770B0068567A /* MyNotes */,
				97D14AE02954770B0068567A /* Products */,
				341BFDC21494F319545B6F78 /* Pods */,
				F188D279383AE95B8B4BBB9A /* Frameworks */,
			);
			sourceTree = "<group>";
		};
		97D14AE02954770B0068567A /* Products */ = {
			isa = PBXGroup;
			children = (
				97D14ADF2954770B0068567A /* MyNotes.app */,
			);
			name = Products;
			sourceTree = "<group>";
		};
		97D14AE12954770B0068567A /* MyNotes */ = {
			isa = PBXGroup;
			children = (
				97D14B002958DFD50068567A /* ViewControllers */,
				97D14B022958E0AD0068567A /* Helpers */,
				97D14B012958E04E0068567A /* Models */,
				97D14B032958E0F60068567A /* SupportFiles */,
				97D14B062958E3CC0068567A /* IBuilder */,
			);
			path = MyNotes;
			sourceTree = "<group>";
		};
		97D14B002958DFD50068567A /* ViewControllers */ = {
			isa = PBXGroup;
			children = (
				97D14AF6295486A50068567A /* MainTableViewController.swift */,
				97D14AFC2954A1450068567A /* NoteViewController.swift */,
				97D14AF8295495560068567A /* NoteTableViewCell.swift */,
			);
			path = ViewControllers;
			sourceTree = "<group>";
		};
		97D14B012958E04E0068567A /* Models */ = {
			isa = PBXGroup;
			children = (
				97D14AFA2954991F0068567A /* NoteModel.swift */,
			);
			path = Models;
			sourceTree = "<group>";
		};
		97D14B022958E0AD0068567A /* Helpers */ = {
			isa = PBXGroup;
			children = (
				97D14AFE2955F6350068567A /* StorageManager.swift */,
			);
			path = Helpers;
			sourceTree = "<group>";
		};
		97D14B032958E0F60068567A /* SupportFiles */ = {
			isa = PBXGroup;
			children = (
				97D14AE22954770B0068567A /* AppDelegate.swift */,
				97D14B042958E1E40068567A /* SceneDelegate.swift */,
				97D14AEB2954770B0068567A /* Assets.xcassets */,
				97D14AF02954770B0068567A /* Info.plist */,
			);
			path = SupportFiles;
			sourceTree = "<group>";
		};
		97D14B062958E3CC0068567A /* IBuilder */ = {
			isa = PBXGroup;
			children = (
				97D14AE82954770B0068567A /* Main.storyboard */,
			);
			path = IBuilder;
			sourceTree = "<group>";
		};
		F188D279383AE95B8B4BBB9A /* Frameworks */ = {
			isa = PBXGroup;
			children = (
				D5E04C393378CB6D39682460 /* Pods_MyNotes.framework */,
			);
			name = Frameworks;
			sourceTree = "<group>";
		};
/* End PBXGroup section */

/* Begin PBXNativeTarget section */
		97D14ADE2954770B0068567A /* MyNotes */ = {
			isa = PBXNativeTarget;
			buildConfigurationList = 97D14AF32954770B0068567A /* Build configuration list for PBXNativeTarget "MyNotes" */;
			buildPhases = (
				92B4056ECCA62C2EB0C89FE9 /* [CP] Check Pods Manifest.lock */,
				97D14ADB2954770B0068567A /* Sources */,
				97D14ADC2954770B0068567A /* Frameworks */,
				97D14ADD2954770B0068567A /* Resources */,
				182B41BEA9242335D295040D /* [CP] Embed Pods Frameworks */,
			);
			buildRules = (
			);
			dependencies = (
			);
			name = MyNotes;
			productName = MyNotes;
			productReference = 97D14ADF2954770B0068567A /* MyNotes.app */;
			productType = "com.apple.product-type.application";
		};
/* End PBXNativeTarget section */

/* Begin PBXProject section */
		97D14AD72954770B0068567A /* Project object */ = {
			isa = PBXProject;
			attributes = {
				BuildIndependentTargetsInParallel = 1;
				LastSwiftUpdateCheck = 1410;
				LastUpgradeCheck = 1410;
				TargetAttributes = {
					97D14ADE2954770B0068567A = {
						CreatedOnToolsVersion = 14.1;
					};
				};
			};
			buildConfigurationList = 97D14ADA2954770B0068567A /* Build configuration list for PBXProject "MyNotes" */;
			compatibilityVersion = "Xcode 14.0";
			developmentRegion = en;
			hasScannedForEncodings = 0;
			knownRegions = (
				en,
				Base,
			);
			mainGroup = 97D14AD62954770B0068567A;
			productRefGroup = 97D14AE02954770B0068567A /* Products */;
			projectDirPath = "";
			projectRoot = "";
			targets = (
				97D14ADE2954770B0068567A /* MyNotes */,
			);
		};
/* End PBXProject section */

/* Begin PBXResourcesBuildPhase section */
		97D14ADD2954770B0068567A /* Resources */ = {
			isa = PBXResourcesBuildPhase;
			buildActionMask = 2147483647;
			files = (
				97D14AEC2954770B0068567A /* Assets.xcassets in Resources */,
				97D14AEA2954770B0068567A /* Main.storyboard in Resources */,
			);
			runOnlyForDeploymentPostprocessing = 0;
		};
/* End PBXResourcesBuildPhase section */

/* Begin PBXShellScriptBuildPhase section */
		182B41BEA9242335D295040D /* [CP] Embed Pods Frameworks */ = {
			isa = PBXShellScriptBuildPhase;
			buildActionMask = 2147483647;
			files = (
			);
			inputFileListPaths = (
				"${PODS_ROOT}/Target Support Files/Pods-MyNotes/Pods-MyNotes-frameworks-${CONFIGURATION}-input-files.xcfilelist",
			);
			name = "[CP] Embed Pods Frameworks";
			outputFileListPaths = (
				"${PODS_ROOT}/Target Support Files/Pods-MyNotes/Pods-MyNotes-frameworks-${CONFIGURATION}-output-files.xcfilelist",
			);
			runOnlyForDeploymentPostprocessing = 0;
			shellPath = /bin/sh;
			shellScript = "\"${PODS_ROOT}/Target Support Files/Pods-MyNotes/Pods-MyNotes-frameworks.sh\"\n";
			showEnvVarsInLog = 0;
		};
		92B4056ECCA62C2EB0C89FE9 /* [CP] Check Pods Manifest.lock */ = {
			isa = PBXShellScriptBuildPhase;
			buildActionMask = 2147483647;
			files = (
			);
			inputFileListPaths = (
			);
			inputPaths = (
				"${PODS_PODFILE_DIR_PATH}/Podfile.lock",
				"${PODS_ROOT}/Manifest.lock",
			);
			name = "[CP] Check Pods Manifest.lock";
			outputFileListPaths = (
			);
			outputPaths = (
				"$(DERIVED_FILE_DIR)/Pods-MyNotes-checkManifestLockResult.txt",
			);
			runOnlyForDeploymentPostprocessing = 0;
			shellPath = /bin/sh;
			shellScript = "diff \"${PODS_PODFILE_DIR_PATH}/Podfile.lock\" \"${PODS_ROOT}/Manifest.lock\" > /dev/null\nif [ $? != 0 ] ; then\n    # print error to STDERR\n    echo \"error: The sandbox is not in sync with the Podfile.lock. Run 'pod install' or update your CocoaPods installation.\" >&2\n    exit 1\nfi\n# This output is used by Xcode 'outputs' to avoid re-running this script phase.\necho \"SUCCESS\" > \"${SCRIPT_OUTPUT_FILE_0}\"\n";
			showEnvVarsInLog = 0;
		};
/* End PBXShellScriptBuildPhase section */

/* Begin PBXSourcesBuildPhase section */
		97D14ADB2954770B0068567A /* Sources */ = {
			isa = PBXSourcesBuildPhase;
			buildActionMask = 2147483647;
			files = (
				97D14AFB2954991F0068567A /* NoteModel.swift in Sources */,
				97D14B052958E1E40068567A /* SceneDelegate.swift in Sources */,
				97D14AF7295486A50068567A /* MainTableViewController.swift in Sources */,
				97D14AE32954770B0068567A /* AppDelegate.swift in Sources */,
				97D14AFF2955F6350068567A /* StorageManager.swift in Sources */,
				97D14AFD2954A1450068567A /* NoteViewController.swift in Sources */,
				97D14AF9295495560068567A /* NoteTableViewCell.swift in Sources */,
			);
			runOnlyForDeploymentPostprocessing = 0;
		};
/* End PBXSourcesBuildPhase section */

/* Begin PBXVariantGroup section */
		97D14AE82954770B0068567A /* Main.storyboard */ = {
			isa = PBXVariantGroup;
			children = (
				97D14AE92954770B0068567A /* Base */,
			);
			name = Main.storyboard;
			sourceTree = "<group>";
		};
/* End PBXVariantGroup section */

/* Begin XCBuildConfiguration section */
		97D14AF12954770B0068567A /* Debug */ = {
			isa = XCBuildConfiguration;
			buildSettings = {
				ALWAYS_SEARCH_USER_PATHS = NO;
				CLANG_ANALYZER_NONNULL = YES;
				CLANG_ANALYZER_NUMBER_OBJECT_CONVERSION = YES_AGGRESSIVE;
				CLANG_CXX_LANGUAGE_STANDARD = "gnu++20";
				CLANG_ENABLE_MODULES = YES;
				CLANG_ENABLE_OBJC_ARC = YES;
				CLANG_ENABLE_OBJC_WEAK = YES;
				CLANG_WARN_BLOCK_CAPTURE_AUTORELEASING = YES;
				CLANG_WARN_BOOL_CONVERSION = YES;
				CLANG_WARN_COMMA = YES;
				CLANG_WARN_CONSTANT_CONVERSION = YES;
				CLANG_WARN_DEPRECATED_OBJC_IMPLEMENTATIONS = YES;
				CLANG_WARN_DIRECT_OBJC_ISA_USAGE = YES_ERROR;
				CLANG_WARN_DOCUMENTATION_COMMENTS = YES;
				CLANG_WARN_EMPTY_BODY = YES;
				CLANG_WARN_ENUM_CONVERSION = YES;
				CLANG_WARN_INFINITE_RECURSION = YES;
				CLANG_WARN_INT_CONVERSION = YES;
				CLANG_WARN_NON_LITERAL_NULL_CONVERSION = YES;
				CLANG_WARN_OBJC_IMPLICIT_RETAIN_SELF = YES;
				CLANG_WARN_OBJC_LITERAL_CONVERSION = YES;
				CLANG_WARN_OBJC_ROOT_CLASS = YES_ERROR;
				CLANG_WARN_QUOTED_INCLUDE_IN_FRAMEWORK_HEADER = YES;
				CLANG_WARN_RANGE_LOOP_ANALYSIS = YES;
				CLANG_WARN_STRICT_PROTOTYPES = YES;
				CLANG_WARN_SUSPICIOUS_MOVE = YES;
				CLANG_WARN_UNGUARDED_AVAILABILITY = YES_AGGRESSIVE;
				CLANG_WARN_UNREACHABLE_CODE = YES;
				CLANG_WARN__DUPLICATE_METHOD_MATCH = YES;
				COPY_PHASE_STRIP = NO;
				DEBUG_INFORMATION_FORMAT = dwarf;
				ENABLE_STRICT_OBJC_MSGSEND = YES;
				ENABLE_TESTABILITY = YES;
				GCC_C_LANGUAGE_STANDARD = gnu11;
				GCC_DYNAMIC_NO_PIC = NO;
				GCC_NO_COMMON_BLOCKS = YES;
				GCC_OPTIMIZATION_LEVEL = 0;
				GCC_PREPROCESSOR_DEFINITIONS = (
					"DEBUG=1",
					"$(inherited)",
				);
				GCC_WARN_64_TO_32_BIT_CONVERSION = YES;
				GCC_WARN_ABOUT_RETURN_TYPE = YES_ERROR;
				GCC_WARN_UNDECLARED_SELECTOR = YES;
				GCC_WARN_UNINITIALIZED_AUTOS = YES_AGGRESSIVE;
				GCC_WARN_UNUSED_FUNCTION = YES;
				GCC_WARN_UNUSED_VARIABLE = YES;
				IPHONEOS_DEPLOYMENT_TARGET = 16.1;
				MTL_ENABLE_DEBUG_INFO = INCLUDE_SOURCE;
				MTL_FAST_MATH = YES;
				ONLY_ACTIVE_ARCH = YES;
				SDKROOT = iphoneos;
				SWIFT_ACTIVE_COMPILATION_CONDITIONS = DEBUG;
				SWIFT_OPTIMIZATION_LEVEL = "-Onone";
			};
			name = Debug;
		};
		97D14AF22954770B0068567A /* Release */ = {
			isa = XCBuildConfiguration;
			buildSettings = {
				ALWAYS_SEARCH_USER_PATHS = NO;
				CLANG_ANALYZER_NONNULL = YES;
				CLANG_ANALYZER_NUMBER_OBJECT_CONVERSION = YES_AGGRESSIVE;
				CLANG_CXX_LANGUAGE_STANDARD = "gnu++20";
				CLANG_ENABLE_MODULES = YES;
				CLANG_ENABLE_OBJC_ARC = YES;
				CLANG_ENABLE_OBJC_WEAK = YES;
				CLANG_WARN_BLOCK_CAPTURE_AUTORELEASING = YES;
				CLANG_WARN_BOOL_CONVERSION = YES;
				CLANG_WARN_COMMA = YES;
				CLANG_WARN_CONSTANT_CONVERSION = YES;
				CLANG_WARN_DEPRECATED_OBJC_IMPLEMENTATIONS = YES;
				CLANG_WARN_DIRECT_OBJC_ISA_USAGE = YES_ERROR;
				CLANG_WARN_DOCUMENTATION_COMMENTS = YES;
				CLANG_WARN_EMPTY_BODY = YES;
				CLANG_WARN_ENUM_CONVERSION = YES;
				CLANG_WARN_INFINITE_RECURSION = YES;
				CLANG_WARN_INT_CONVERSION = YES;
				CLANG_WARN_NON_LITERAL_NULL_CONVERSION = YES;
				CLANG_WARN_OBJC_IMPLICIT_RETAIN_SELF = YES;
				CLANG_WARN_OBJC_LITERAL_CONVERSION = YES;
				CLANG_WARN_OBJC_ROOT_CLASS = YES_ERROR;
				CLANG_WARN_QUOTED_INCLUDE_IN_FRAMEWORK_HEADER = YES;
				CLANG_WARN_RANGE_LOOP_ANALYSIS = YES;
				CLANG_WARN_STRICT_PROTOTYPES = YES;
				CLANG_WARN_SUSPICIOUS_MOVE = YES;
				CLANG_WARN_UNGUARDED_AVAILABILITY = YES_AGGRESSIVE;
				CLANG_WARN_UNREACHABLE_CODE = YES;
				CLANG_WARN__DUPLICATE_METHOD_MATCH = YES;
				COPY_PHASE_STRIP = NO;
				DEBUG_INFORMATION_FORMAT = "dwarf-with-dsym";
				ENABLE_NS_ASSERTIONS = NO;
				ENABLE_STRICT_OBJC_MSGSEND = YES;
				GCC_C_LANGUAGE_STANDARD = gnu11;
				GCC_NO_COMMON_BLOCKS = YES;
				GCC_WARN_64_TO_32_BIT_CONVERSION = YES;
				GCC_WARN_ABOUT_RETURN_TYPE = YES_ERROR;
				GCC_WARN_UNDECLARED_SELECTOR = YES;
				GCC_WARN_UNINITIALIZED_AUTOS = YES_AGGRESSIVE;
				GCC_WARN_UNUSED_FUNCTION = YES;
				GCC_WARN_UNUSED_VARIABLE = YES;
				IPHONEOS_DEPLOYMENT_TARGET = 16.1;
				MTL_ENABLE_DEBUG_INFO = NO;
				MTL_FAST_MATH = YES;
				SDKROOT = iphoneos;
				SWIFT_COMPILATION_MODE = wholemodule;
				SWIFT_OPTIMIZATION_LEVEL = "-O";
				VALIDATE_PRODUCT = YES;
			};
			name = Release;
		};
		97D14AF42954770B0068567A /* Debug */ = {
			isa = XCBuildConfiguration;
			baseConfigurationReference = 78110CC6D7FBF3175414192E /* Pods-MyNotes.debug.xcconfig */;
			buildSettings = {
				ASSETCATALOG_COMPILER_APPICON_NAME = AppIcon;
				ASSETCATALOG_COMPILER_GLOBAL_ACCENT_COLOR_NAME = AccentColor;
				CODE_SIGN_STYLE = Automatic;
				CURRENT_PROJECT_VERSION = 1;
				DEVELOPMENT_TEAM = N4UDWY43TV;
				GENERATE_INFOPLIST_FILE = YES;
				INFOPLIST_FILE = MyNotes/SupportFiles/Info.plist;
				INFOPLIST_KEY_UIApplicationSupportsIndirectInputEvents = YES;
				INFOPLIST_KEY_UILaunchStoryboardName = LaunchScreen;
				INFOPLIST_KEY_UIMainStoryboardFile = Main;
				INFOPLIST_KEY_UISupportedInterfaceOrientations = UIInterfaceOrientationPortrait;
				LD_RUNPATH_SEARCH_PATHS = (
					"$(inherited)",
					"@executable_path/Frameworks",
				);
				MARKETING_VERSION = 1.0;
				PRODUCT_BUNDLE_IDENTIFIER = com.markmikh.MyNotes;
				PRODUCT_NAME = "$(TARGET_NAME)";
				SWIFT_EMIT_LOC_STRINGS = YES;
				SWIFT_VERSION = 5.0;
				TARGETED_DEVICE_FAMILY = "1,2";
			};
			name = Debug;
		};
		97D14AF52954770B0068567A /* Release */ = {
			isa = XCBuildConfiguration;
			baseConfigurationReference = A577421BEB923A597C3B0382 /* Pods-MyNotes.release.xcconfig */;
			buildSettings = {
				ASSETCATALOG_COMPILER_APPICON_NAME = AppIcon;
				ASSETCATALOG_COMPILER_GLOBAL_ACCENT_COLOR_NAME = AccentColor;
				CODE_SIGN_STYLE = Automatic;
				CURRENT_PROJECT_VERSION = 1;
				DEVELOPMENT_TEAM = N4UDWY43TV;
				GENERATE_INFOPLIST_FILE = YES;
				INFOPLIST_FILE = MyNotes/SupportFiles/Info.plist;
				INFOPLIST_KEY_UIApplicationSupportsIndirectInputEvents = YES;
				INFOPLIST_KEY_UILaunchStoryboardName = LaunchScreen;
				INFOPLIST_KEY_UIMainStoryboardFile = Main;
				INFOPLIST_KEY_UISupportedInterfaceOrientations = UIInterfaceOrientationPortrait;
				LD_RUNPATH_SEARCH_PATHS = (
					"$(inherited)",
					"@executable_path/Frameworks",
				);
				MARKETING_VERSION = 1.0;
				PRODUCT_BUNDLE_IDENTIFIER = com.markmikh.MyNotes;
				PRODUCT_NAME = "$(TARGET_NAME)";
				SWIFT_EMIT_LOC_STRINGS = YES;
				SWIFT_VERSION = 5.0;
				TARGETED_DEVICE_FAMILY = "1,2";
			};
			name = Release;
		};
/* End XCBuildConfiguration section */

/* Begin XCConfigurationList section */
		97D14ADA2954770B0068567A /* Build configuration list for PBXProject "MyNotes" */ = {
			isa = XCConfigurationList;
			buildConfigurations = (
				97D14AF12954770B0068567A /* Debug */,
				97D14AF22954770B0068567A /* Release */,
			);
			defaultConfigurationIsVisible = 0;
			defaultConfigurationName = Release;
		};
		97D14AF32954770B0068567A /* Build configuration list for PBXNativeTarget "MyNotes" */ = {
			isa = XCConfigurationList;
			buildConfigurations = (
				97D14AF42954770B0068567A /* Debug */,
				97D14AF52954770B0068567A /* Release */,
			);
			defaultConfigurationIsVisible = 0;
			defaultConfigurationName = Release;
		};
/* End XCConfigurationList section */
	};
	rootObject = 97D14AD72954770B0068567A /* Project object */;
}
